
Microsoft Visual Studio Solution File, Format Version 12.00
# Visual Studio Version 16
VisualStudioVersion = 16.0.32126.315
MinimumVisualStudioVersion = 10.0.40219.1
Project("{9A19103F-16F7-4668-BE54-9A1E7A4F7556}") = "ODACFailoverConnectionSample", "ODACFailoverConnectionSample.csproj", "{73A62067-81CC-4D08-A7D3-EAA4CA8A17D1}"
EndProject
Global
	GlobalSection(SolutionConfigurationPlatforms) = preSolution
		Debug|Any CPU = Debug|Any CPU
		Release|Any CPU = Release|Any CPU
	EndGlobalSection
	GlobalSection(ProjectConfigurationPlatforms) = postSolution
		{73A62067-81CC-4D08-A7D3-EAA4CA8A17D1}.Debug|Any CPU.ActiveCfg = Debug|Any CPU
		{73A62067-81CC-4D08-A7D3-EAA4CA8A17D1}.Debug|Any CPU.Build.0 = Debug|Any CPU
		{73A62067-81CC-4D08-A7D3-EAA4CA8A17D1}.Release|Any CPU.ActiveCfg = Release|Any CPU
		{73A62067-81CC-4D08-A7D3-EAA4CA8A17D1}.Release|Any CPU.Build.0 = Release|Any CPU
	EndGlobalSection
	GlobalSection(SolutionProperties) = preSolution
		HideSolutionNode = FALSE
	EndGlobalSection
	GlobalSection(ExtensibilityGlobals) = postSolution
		SolutionGuid = {C0EA18AF-08CF-4543-8643-28A3C3792510}
	EndGlobalSection
EndGlobal
